
Microsoft Visual Studio Solution File, Format Version 12.00
# Visual Studio 2013
VisualStudioVersion = 12.0.21005.1
MinimumVisualStudioVersion = 10.0.40219.1
Project("{FAE04EC0-301F-11D3-BF4B-00C04F79EFBC}") = "SchemeInterpreter", "SchemeInterpreter\SchemeInterpreter.csproj", "{07BD5243-84E1-4814-A74A-F004113BCDB2}"
EndProject
Project("{FAE04EC0-301F-11D3-BF4B-00C04F79EFBC}") = "SchemeInterpreter.Tests", "SchemeInterpreter.Tests\SchemeInterpreter.Tests.csproj", "{40BBD033-5171-460F-86FA-06227E77436F}"
EndProject
Global
	GlobalSection(SolutionConfigurationPlatforms) = preSolution
		Debug|Any CPU = Debug|Any CPU
		Release|Any CPU = Release|Any CPU
	EndGlobalSection
	GlobalSection(ProjectConfigurationPlatforms) = postSolution
		{07BD5243-84E1-4814-A74A-F004113BCDB2}.Debug|Any CPU.ActiveCfg = Debug|Any CPU
		{07BD5243-84E1-4814-A74A-F004113BCDB2}.Debug|Any CPU.Build.0 = Debug|Any CPU
		{07BD5243-84E1-4814-A74A-F004113BCDB2}.Release|Any CPU.ActiveCfg = Release|Any CPU
		{07BD5243-84E1-4814-A74A-F004113BCDB2}.Release|Any CPU.Build.0 = Release|Any CPU
		{40BBD033-5171-460F-86FA-06227E77436F}.Debug|Any CPU.ActiveCfg = Debug|Any CPU
		{40BBD033-5171-460F-86FA-06227E77436F}.Debug|Any CPU.Build.0 = Debug|Any CPU
		{40BBD033-5171-460F-86FA-06227E77436F}.Release|Any CPU.ActiveCfg = Release|Any CPU
		{40BBD033-5171-460F-86FA-06227E77436F}.Release|Any CPU.Build.0 = Release|Any CPU
	EndGlobalSection
	GlobalSection(SolutionProperties) = preSolution
		HideSolutionNode = FALSE
	EndGlobalSection
EndGlobal
